
Microsoft Visual Studio Solution File, Format Version 12.00
# Visual Studio Version 17
VisualStudioVersion = 17.0.32112.339
MinimumVisualStudioVersion = 10.0.40219.1
Project("{9A19103F-16F7-4668-BE54-9A1E7A4F7556}") = "DotNetStarter.Api", "NetCoreStarter.Api\DotNetStarter.Api.csproj", "{2EA34B91-F339-4EE2-9F8D-46E30EE0E9D0}"
EndProject
Project("{9A19103F-16F7-4668-BE54-9A1E7A4F7556}") = "DotNetStarter.Infrustructure", "NetCoreStarter.Infrustructure\DotNetStarter.Infrustructure.csproj", "{6740983F-40CD-422E-889B-5F9D0B9979C6}"
EndProject
Project("{9A19103F-16F7-4668-BE54-9A1E7A4F7556}") = "DotNetStarter.Core", "NetCoreStarter.Core\DotNetStarter.Core.csproj", "{EDAAD660-61D4-4723-A24F-05184BA70956}"
EndProject
Global
	GlobalSection(SolutionConfigurationPlatforms) = preSolution
		Debug|Any CPU = Debug|Any CPU
		Release|Any CPU = Release|Any CPU
	EndGlobalSection
	GlobalSection(ProjectConfigurationPlatforms) = postSolution
		{2EA34B91-F339-4EE2-9F8D-46E30EE0E9D0}.Debug|Any CPU.ActiveCfg = Debug|Any CPU
		{2EA34B91-F339-4EE2-9F8D-46E30EE0E9D0}.Debug|Any CPU.Build.0 = Debug|Any CPU
		{2EA34B91-F339-4EE2-9F8D-46E30EE0E9D0}.Release|Any CPU.ActiveCfg = Release|Any CPU
		{2EA34B91-F339-4EE2-9F8D-46E30EE0E9D0}.Release|Any CPU.Build.0 = Release|Any CPU
		{6740983F-40CD-422E-889B-5F9D0B9979C6}.Debug|Any CPU.ActiveCfg = Debug|Any CPU
		{6740983F-40CD-422E-889B-5F9D0B9979C6}.Debug|Any CPU.Build.0 = Debug|Any CPU
		{6740983F-40CD-422E-889B-5F9D0B9979C6}.Release|Any CPU.ActiveCfg = Release|Any CPU
		{6740983F-40CD-422E-889B-5F9D0B9979C6}.Release|Any CPU.Build.0 = Release|Any CPU
		{EDAAD660-61D4-4723-A24F-05184BA70956}.Debug|Any CPU.ActiveCfg = Debug|Any CPU
		{EDAAD660-61D4-4723-A24F-05184BA70956}.Debug|Any CPU.Build.0 = Debug|Any CPU
		{EDAAD660-61D4-4723-A24F-05184BA70956}.Release|Any CPU.ActiveCfg = Release|Any CPU
		{EDAAD660-61D4-4723-A24F-05184BA70956}.Release|Any CPU.Build.0 = Release|Any CPU
	EndGlobalSection
	GlobalSection(SolutionProperties) = preSolution
		HideSolutionNode = FALSE
	EndGlobalSection
	GlobalSection(ExtensibilityGlobals) = postSolution
		SolutionGuid = {E59E022E-A6C2-4C08-BDE6-F8E7EAFA72E8}
	EndGlobalSection
EndGlobal
